
Microsoft Visual Studio Solution File, Format Version 12.00
# Visual Studio 14
VisualStudioVersion = 14.0.23107.0
MinimumVisualStudioVersion = 10.0.40219.1
Project("{FAE04EC0-301F-11D3-BF4B-00C04F79EFBC}") = "SkipListNet", "SkipListNet\SkipListNet.csproj", "{0D2DEEA9-E113-453E-B443-508324F8E11F}"
EndProject
Project("{FAE04EC0-301F-11D3-BF4B-00C04F79EFBC}") = "ConsoleSkipList", "ConsoleSkipList\ConsoleSkipList.csproj", "{09C4399F-9FF9-4E66-9540-1FFDF230A17C}"
EndProject
Project("{FAE04EC0-301F-11D3-BF4B-00C04F79EFBC}") = "GUISkipList", "..\testing\testing\GUISkipList.csproj", "{32C918CD-C0C6-4096-AAA3-B5E80A704ED1}"
EndProject
Global
	GlobalSection(SolutionConfigurationPlatforms) = preSolution
		Debug|Any CPU = Debug|Any CPU
		Release|Any CPU = Release|Any CPU
	EndGlobalSection
	GlobalSection(ProjectConfigurationPlatforms) = postSolution
		{0D2DEEA9-E113-453E-B443-508324F8E11F}.Debug|Any CPU.ActiveCfg = Debug|Any CPU
		{0D2DEEA9-E113-453E-B443-508324F8E11F}.Debug|Any CPU.Build.0 = Debug|Any CPU
		{0D2DEEA9-E113-453E-B443-508324F8E11F}.Release|Any CPU.ActiveCfg = Release|Any CPU
		{0D2DEEA9-E113-453E-B443-508324F8E11F}.Release|Any CPU.Build.0 = Release|Any CPU
		{09C4399F-9FF9-4E66-9540-1FFDF230A17C}.Debug|Any CPU.ActiveCfg = Debug|Any CPU
		{09C4399F-9FF9-4E66-9540-1FFDF230A17C}.Debug|Any CPU.Build.0 = Debug|Any CPU
		{09C4399F-9FF9-4E66-9540-1FFDF230A17C}.Release|Any CPU.ActiveCfg = Release|Any CPU
		{09C4399F-9FF9-4E66-9540-1FFDF230A17C}.Release|Any CPU.Build.0 = Release|Any CPU
		{32C918CD-C0C6-4096-AAA3-B5E80A704ED1}.Debug|Any CPU.ActiveCfg = Debug|Any CPU
		{32C918CD-C0C6-4096-AAA3-B5E80A704ED1}.Debug|Any CPU.Build.0 = Debug|Any CPU
		{32C918CD-C0C6-4096-AAA3-B5E80A704ED1}.Release|Any CPU.ActiveCfg = Release|Any CPU
		{32C918CD-C0C6-4096-AAA3-B5E80A704ED1}.Release|Any CPU.Build.0 = Release|Any CPU
	EndGlobalSection
	GlobalSection(SolutionProperties) = preSolution
		HideSolutionNode = FALSE
	EndGlobalSection
EndGlobal
